
Microsoft Visual Studio Solution File, Format Version 12.00
Project("{FAE04EC0-301F-11D3-BF4B-00C04F79EFBC}") = "stringintroHW", "stringintroHW\stringintroHW.csproj", "{E6ED7531-7451-4DCF-A571-BAA815520274}"
EndProject
Project("{FAE04EC0-301F-11D3-BF4B-00C04F79EFBC}") = "ClassCW", "ClassCW\ClassCW.csproj", "{3489A028-FEC4-4872-B175-28FA833824F8}"
EndProject
Project("{FAE04EC0-301F-11D3-BF4B-00C04F79EFBC}") = "ExceptionsHW", "ExceptionsHW\ExceptionsHW.csproj", "{EFAE9896-7CE3-4780-9197-F6DB28434CE4}"
EndProject
Project("{FAE04EC0-301F-11D3-BF4B-00C04F79EFBC}") = "ExceptionsHW2", "ExceptionsHW2\ExceptionsHW2.csproj", "{758900E7-B252-48E0-B241-D9FDBF66638C}"
EndProject
Project("{FAE04EC0-301F-11D3-BF4B-00C04F79EFBC}") = "DelegateCW", "DelegateCW\DelegateCW.csproj", "{4881B7DA-747A-4084-98FE-141980FFE91F}"
EndProject
Project("{FAE04EC0-301F-11D3-BF4B-00C04F79EFBC}") = "EnumsCW", "EnumsCW\EnumsCW.csproj", "{84165520-1ACD-47A9-97B8-79B8D607B5CC}"
EndProject
Project("{FAE04EC0-301F-11D3-BF4B-00C04F79EFBC}") = "InterfacesHW", "InterfacesHW\InterfacesHW.csproj", "{26A2C4EE-DAEC-4662-A8E2-18E3EB6895EB}"
EndProject
Project("{FAE04EC0-301F-11D3-BF4B-00C04F79EFBC}") = "EventsCW", "EventsCW\EventsCW.csproj", "{58E2976D-3F69-4F36-A462-CCAC118D97ED}"
EndProject
Project("{FAE04EC0-301F-11D3-BF4B-00C04F79EFBC}") = "GenericsCW", "GenericsCW\GenericsCW.csproj", "{CB7389B5-C0FF-4838-AF88-FBEFA0FDA74B}"
EndProject
Project("{FAE04EC0-301F-11D3-BF4B-00C04F79EFBC}") = "ListsandDictionaryCW", "ListsandDictionaryCW\ListsandDictionaryCW.csproj", "{E2FA5EF4-FEBA-4EF8-9F89-F77C8FBB631F}"
EndProject
Project("{FAE04EC0-301F-11D3-BF4B-00C04F79EFBC}") = "DataStreamCW", "DataStreamCW\DataStreamCW.csproj", "{27CED6FB-D830-44EA-A474-F11F0FF59215}"
EndProject
Project("{FAE04EC0-301F-11D3-BF4B-00C04F79EFBC}") = "InterfacesHW2", "InterfacesHW2\InterfacesHW2.csproj", "{1FB5EBAD-C7B1-4AF3-A757-99CB86F47733}"
EndProject
Project("{FAE04EC0-301F-11D3-BF4B-00C04F79EFBC}") = "InterfacesHW3", "InterfacesHW3\InterfacesHW3.csproj", "{667C86D7-E065-43CF-96CB-E101A7D77097}"
EndProject
Project("{FAE04EC0-301F-11D3-BF4B-00C04F79EFBC}") = "DelegateHW", "DelegateHW\DelegateHW.csproj", "{F7171095-7C84-4978-9019-3D6146AEB711}"
EndProject
Project("{FAE04EC0-301F-11D3-BF4B-00C04F79EFBC}") = "EventsHW", "EventsHW\EventsHW.csproj", "{6FA256CB-1EBA-4841-81F3-F0B47E5B1E4F}"
EndProject
Global
	GlobalSection(SolutionConfigurationPlatforms) = preSolution
		Debug|Any CPU = Debug|Any CPU
		Debug|x64 = Debug|x64
		Debug|x86 = Debug|x86
		Release|Any CPU = Release|Any CPU
		Release|x64 = Release|x64
		Release|x86 = Release|x86
	EndGlobalSection
	GlobalSection(ProjectConfigurationPlatforms) = postSolution
		{E6ED7531-7451-4DCF-A571-BAA815520274}.Debug|Any CPU.ActiveCfg = Debug|Any CPU
		{E6ED7531-7451-4DCF-A571-BAA815520274}.Debug|Any CPU.Build.0 = Debug|Any CPU
		{E6ED7531-7451-4DCF-A571-BAA815520274}.Debug|x64.ActiveCfg = Debug|Any CPU
		{E6ED7531-7451-4DCF-A571-BAA815520274}.Debug|x64.Build.0 = Debug|Any CPU
		{E6ED7531-7451-4DCF-A571-BAA815520274}.Debug|x86.ActiveCfg = Debug|Any CPU
		{E6ED7531-7451-4DCF-A571-BAA815520274}.Debug|x86.Build.0 = Debug|Any CPU
		{E6ED7531-7451-4DCF-A571-BAA815520274}.Release|Any CPU.ActiveCfg = Release|Any CPU
		{E6ED7531-7451-4DCF-A571-BAA815520274}.Release|Any CPU.Build.0 = Release|Any CPU
		{E6ED7531-7451-4DCF-A571-BAA815520274}.Release|x64.ActiveCfg = Release|Any CPU
		{E6ED7531-7451-4DCF-A571-BAA815520274}.Release|x64.Build.0 = Release|Any CPU
		{E6ED7531-7451-4DCF-A571-BAA815520274}.Release|x86.ActiveCfg = Release|Any CPU
		{E6ED7531-7451-4DCF-A571-BAA815520274}.Release|x86.Build.0 = Release|Any CPU
		{3489A028-FEC4-4872-B175-28FA833824F8}.Debug|Any CPU.ActiveCfg = Debug|Any CPU
		{3489A028-FEC4-4872-B175-28FA833824F8}.Debug|Any CPU.Build.0 = Debug|Any CPU
		{3489A028-FEC4-4872-B175-28FA833824F8}.Debug|x64.ActiveCfg = Debug|Any CPU
		{3489A028-FEC4-4872-B175-28FA833824F8}.Debug|x64.Build.0 = Debug|Any CPU
		{3489A028-FEC4-4872-B175-28FA833824F8}.Debug|x86.ActiveCfg = Debug|Any CPU
		{3489A028-FEC4-4872-B175-28FA833824F8}.Debug|x86.Build.0 = Debug|Any CPU
		{3489A028-FEC4-4872-B175-28FA833824F8}.Release|Any CPU.ActiveCfg = Release|Any CPU
		{3489A028-FEC4-4872-B175-28FA833824F8}.Release|Any CPU.Build.0 = Release|Any CPU
		{3489A028-FEC4-4872-B175-28FA833824F8}.Release|x64.ActiveCfg = Release|Any CPU
		{3489A028-FEC4-4872-B175-28FA833824F8}.Release|x64.Build.0 = Release|Any CPU
		{3489A028-FEC4-4872-B175-28FA833824F8}.Release|x86.ActiveCfg = Release|Any CPU
		{3489A028-FEC4-4872-B175-28FA833824F8}.Release|x86.Build.0 = Release|Any CPU
		{EFAE9896-7CE3-4780-9197-F6DB28434CE4}.Debug|Any CPU.ActiveCfg = Debug|Any CPU
		{EFAE9896-7CE3-4780-9197-F6DB28434CE4}.Debug|Any CPU.Build.0 = Debug|Any CPU
		{EFAE9896-7CE3-4780-9197-F6DB28434CE4}.Debug|x64.ActiveCfg = Debug|Any CPU
		{EFAE9896-7CE3-4780-9197-F6DB28434CE4}.Debug|x64.Build.0 = Debug|Any CPU
		{EFAE9896-7CE3-4780-9197-F6DB28434CE4}.Debug|x86.ActiveCfg = Debug|Any CPU
		{EFAE9896-7CE3-4780-9197-F6DB28434CE4}.Debug|x86.Build.0 = Debug|Any CPU
		{EFAE9896-7CE3-4780-9197-F6DB28434CE4}.Release|Any CPU.ActiveCfg = Release|Any CPU
		{EFAE9896-7CE3-4780-9197-F6DB28434CE4}.Release|Any CPU.Build.0 = Release|Any CPU
		{EFAE9896-7CE3-4780-9197-F6DB28434CE4}.Release|x64.ActiveCfg = Release|Any CPU
		{EFAE9896-7CE3-4780-9197-F6DB28434CE4}.Release|x64.Build.0 = Release|Any CPU
		{EFAE9896-7CE3-4780-9197-F6DB28434CE4}.Release|x86.ActiveCfg = Release|Any CPU
		{EFAE9896-7CE3-4780-9197-F6DB28434CE4}.Release|x86.Build.0 = Release|Any CPU
		{758900E7-B252-48E0-B241-D9FDBF66638C}.Debug|Any CPU.ActiveCfg = Debug|Any CPU
		{758900E7-B252-48E0-B241-D9FDBF66638C}.Debug|Any CPU.Build.0 = Debug|Any CPU
		{758900E7-B252-48E0-B241-D9FDBF66638C}.Debug|x64.ActiveCfg = Debug|Any CPU
		{758900E7-B252-48E0-B241-D9FDBF66638C}.Debug|x64.Build.0 = Debug|Any CPU
		{758900E7-B252-48E0-B241-D9FDBF66638C}.Debug|x86.ActiveCfg = Debug|Any CPU
		{758900E7-B252-48E0-B241-D9FDBF66638C}.Debug|x86.Build.0 = Debug|Any CPU
		{758900E7-B252-48E0-B241-D9FDBF66638C}.Release|Any CPU.ActiveCfg = Release|Any CPU
		{758900E7-B252-48E0-B241-D9FDBF66638C}.Release|Any CPU.Build.0 = Release|Any CPU
		{758900E7-B252-48E0-B241-D9FDBF66638C}.Release|x64.ActiveCfg = Release|Any CPU
		{758900E7-B252-48E0-B241-D9FDBF66638C}.Release|x64.Build.0 = Release|Any CPU
		{758900E7-B252-48E0-B241-D9FDBF66638C}.Release|x86.ActiveCfg = Release|Any CPU
		{758900E7-B252-48E0-B241-D9FDBF66638C}.Release|x86.Build.0 = Release|Any CPU
		{4881B7DA-747A-4084-98FE-141980FFE91F}.Debug|Any CPU.ActiveCfg = Debug|Any CPU
		{4881B7DA-747A-4084-98FE-141980FFE91F}.Debug|Any CPU.Build.0 = Debug|Any CPU
		{4881B7DA-747A-4084-98FE-141980FFE91F}.Debug|x64.ActiveCfg = Debug|Any CPU
		{4881B7DA-747A-4084-98FE-141980FFE91F}.Debug|x64.Build.0 = Debug|Any CPU
		{4881B7DA-747A-4084-98FE-141980FFE91F}.Debug|x86.ActiveCfg = Debug|Any CPU
		{4881B7DA-747A-4084-98FE-141980FFE91F}.Debug|x86.Build.0 = Debug|Any CPU
		{4881B7DA-747A-4084-98FE-141980FFE91F}.Release|Any CPU.ActiveCfg = Release|Any CPU
		{4881B7DA-747A-4084-98FE-141980FFE91F}.Release|Any CPU.Build.0 = Release|Any CPU
		{4881B7DA-747A-4084-98FE-141980FFE91F}.Release|x64.ActiveCfg = Release|Any CPU
		{4881B7DA-747A-4084-98FE-141980FFE91F}.Release|x64.Build.0 = Release|Any CPU
		{4881B7DA-747A-4084-98FE-141980FFE91F}.Release|x86.ActiveCfg = Release|Any CPU
		{4881B7DA-747A-4084-98FE-141980FFE91F}.Release|x86.Build.0 = Release|Any CPU
		{84165520-1ACD-47A9-97B8-79B8D607B5CC}.Debug|Any CPU.ActiveCfg = Debug|Any CPU
		{84165520-1ACD-47A9-97B8-79B8D607B5CC}.Debug|Any CPU.Build.0 = Debug|Any CPU
		{84165520-1ACD-47A9-97B8-79B8D607B5CC}.Debug|x64.ActiveCfg = Debug|Any CPU
		{84165520-1ACD-47A9-97B8-79B8D607B5CC}.Debug|x64.Build.0 = Debug|Any CPU
		{84165520-1ACD-47A9-97B8-79B8D607B5CC}.Debug|x86.ActiveCfg = Debug|Any CPU
		{84165520-1ACD-47A9-97B8-79B8D607B5CC}.Debug|x86.Build.0 = Debug|Any CPU
		{84165520-1ACD-47A9-97B8-79B8D607B5CC}.Release|Any CPU.ActiveCfg = Release|Any CPU
		{84165520-1ACD-47A9-97B8-79B8D607B5CC}.Release|Any CPU.Build.0 = Release|Any CPU
		{84165520-1ACD-47A9-97B8-79B8D607B5CC}.Release|x64.ActiveCfg = Release|Any CPU
		{84165520-1ACD-47A9-97B8-79B8D607B5CC}.Release|x64.Build.0 = Release|Any CPU
		{84165520-1ACD-47A9-97B8-79B8D607B5CC}.Release|x86.ActiveCfg = Release|Any CPU
		{84165520-1ACD-47A9-97B8-79B8D607B5CC}.Release|x86.Build.0 = Release|Any CPU
		{26A2C4EE-DAEC-4662-A8E2-18E3EB6895EB}.Debug|Any CPU.ActiveCfg = Debug|Any CPU
		{26A2C4EE-DAEC-4662-A8E2-18E3EB6895EB}.Debug|Any CPU.Build.0 = Debug|Any CPU
		{26A2C4EE-DAEC-4662-A8E2-18E3EB6895EB}.Debug|x64.ActiveCfg = Debug|Any CPU
		{26A2C4EE-DAEC-4662-A8E2-18E3EB6895EB}.Debug|x64.Build.0 = Debug|Any CPU
		{26A2C4EE-DAEC-4662-A8E2-18E3EB6895EB}.Debug|x86.ActiveCfg = Debug|Any CPU
		{26A2C4EE-DAEC-4662-A8E2-18E3EB6895EB}.Debug|x86.Build.0 = Debug|Any CPU
		{26A2C4EE-DAEC-4662-A8E2-18E3EB6895EB}.Release|Any CPU.ActiveCfg = Release|Any CPU
		{26A2C4EE-DAEC-4662-A8E2-18E3EB6895EB}.Release|Any CPU.Build.0 = Release|Any CPU
		{26A2C4EE-DAEC-4662-A8E2-18E3EB6895EB}.Release|x64.ActiveCfg = Release|Any CPU
		{26A2C4EE-DAEC-4662-A8E2-18E3EB6895EB}.Release|x64.Build.0 = Release|Any CPU
		{26A2C4EE-DAEC-4662-A8E2-18E3EB6895EB}.Release|x86.ActiveCfg = Release|Any CPU
		{26A2C4EE-DAEC-4662-A8E2-18E3EB6895EB}.Release|x86.Build.0 = Release|Any CPU
		{58E2976D-3F69-4F36-A462-CCAC118D97ED}.Debug|Any CPU.ActiveCfg = Debug|Any CPU
		{58E2976D-3F69-4F36-A462-CCAC118D97ED}.Debug|Any CPU.Build.0 = Debug|Any CPU
		{58E2976D-3F69-4F36-A462-CCAC118D97ED}.Debug|x64.ActiveCfg = Debug|Any CPU
		{58E2976D-3F69-4F36-A462-CCAC118D97ED}.Debug|x64.Build.0 = Debug|Any CPU
		{58E2976D-3F69-4F36-A462-CCAC118D97ED}.Debug|x86.ActiveCfg = Debug|Any CPU
		{58E2976D-3F69-4F36-A462-CCAC118D97ED}.Debug|x86.Build.0 = Debug|Any CPU
		{58E2976D-3F69-4F36-A462-CCAC118D97ED}.Release|Any CPU.ActiveCfg = Release|Any CPU
		{58E2976D-3F69-4F36-A462-CCAC118D97ED}.Release|Any CPU.Build.0 = Release|Any CPU
		{58E2976D-3F69-4F36-A462-CCAC118D97ED}.Release|x64.ActiveCfg = Release|Any CPU
		{58E2976D-3F69-4F36-A462-CCAC118D97ED}.Release|x64.Build.0 = Release|Any CPU
		{58E2976D-3F69-4F36-A462-CCAC118D97ED}.Release|x86.ActiveCfg = Release|Any CPU
		{58E2976D-3F69-4F36-A462-CCAC118D97ED}.Release|x86.Build.0 = Release|Any CPU
		{CB7389B5-C0FF-4838-AF88-FBEFA0FDA74B}.Debug|Any CPU.ActiveCfg = Debug|Any CPU
		{CB7389B5-C0FF-4838-AF88-FBEFA0FDA74B}.Debug|Any CPU.Build.0 = Debug|Any CPU
		{CB7389B5-C0FF-4838-AF88-FBEFA0FDA74B}.Debug|x64.ActiveCfg = Debug|Any CPU
		{CB7389B5-C0FF-4838-AF88-FBEFA0FDA74B}.Debug|x64.Build.0 = Debug|Any CPU
		{CB7389B5-C0FF-4838-AF88-FBEFA0FDA74B}.Debug|x86.ActiveCfg = Debug|Any CPU
		{CB7389B5-C0FF-4838-AF88-FBEFA0FDA74B}.Debug|x86.Build.0 = Debug|Any CPU
		{CB7389B5-C0FF-4838-AF88-FBEFA0FDA74B}.Release|Any CPU.ActiveCfg = Release|Any CPU
		{CB7389B5-C0FF-4838-AF88-FBEFA0FDA74B}.Release|Any CPU.Build.0 = Release|Any CPU
		{CB7389B5-C0FF-4838-AF88-FBEFA0FDA74B}.Release|x64.ActiveCfg = Release|Any CPU
		{CB7389B5-C0FF-4838-AF88-FBEFA0FDA74B}.Release|x64.Build.0 = Release|Any CPU
		{CB7389B5-C0FF-4838-AF88-FBEFA0FDA74B}.Release|x86.ActiveCfg = Release|Any CPU
		{CB7389B5-C0FF-4838-AF88-FBEFA0FDA74B}.Release|x86.Build.0 = Release|Any CPU
		{E2FA5EF4-FEBA-4EF8-9F89-F77C8FBB631F}.Debug|Any CPU.ActiveCfg = Debug|Any CPU
		{E2FA5EF4-FEBA-4EF8-9F89-F77C8FBB631F}.Debug|Any CPU.Build.0 = Debug|Any CPU
		{E2FA5EF4-FEBA-4EF8-9F89-F77C8FBB631F}.Debug|x64.ActiveCfg = Debug|Any CPU
		{E2FA5EF4-FEBA-4EF8-9F89-F77C8FBB631F}.Debug|x64.Build.0 = Debug|Any CPU
		{E2FA5EF4-FEBA-4EF8-9F89-F77C8FBB631F}.Debug|x86.ActiveCfg = Debug|Any CPU
		{E2FA5EF4-FEBA-4EF8-9F89-F77C8FBB631F}.Debug|x86.Build.0 = Debug|Any CPU
		{E2FA5EF4-FEBA-4EF8-9F89-F77C8FBB631F}.Release|Any CPU.ActiveCfg = Release|Any CPU
		{E2FA5EF4-FEBA-4EF8-9F89-F77C8FBB631F}.Release|Any CPU.Build.0 = Release|Any CPU
		{E2FA5EF4-FEBA-4EF8-9F89-F77C8FBB631F}.Release|x64.ActiveCfg = Release|Any CPU
		{E2FA5EF4-FEBA-4EF8-9F89-F77C8FBB631F}.Release|x64.Build.0 = Release|Any CPU
		{E2FA5EF4-FEBA-4EF8-9F89-F77C8FBB631F}.Release|x86.ActiveCfg = Release|Any CPU
		{E2FA5EF4-FEBA-4EF8-9F89-F77C8FBB631F}.Release|x86.Build.0 = Release|Any CPU
		{27CED6FB-D830-44EA-A474-F11F0FF59215}.Debug|Any CPU.ActiveCfg = Debug|Any CPU
		{27CED6FB-D830-44EA-A474-F11F0FF59215}.Debug|Any CPU.Build.0 = Debug|Any CPU
		{27CED6FB-D830-44EA-A474-F11F0FF59215}.Debug|x64.ActiveCfg = Debug|Any CPU
		{27CED6FB-D830-44EA-A474-F11F0FF59215}.Debug|x64.Build.0 = Debug|Any CPU
		{27CED6FB-D830-44EA-A474-F11F0FF59215}.Debug|x86.ActiveCfg = Debug|Any CPU
		{27CED6FB-D830-44EA-A474-F11F0FF59215}.Debug|x86.Build.0 = Debug|Any CPU
		{27CED6FB-D830-44EA-A474-F11F0FF59215}.Release|Any CPU.ActiveCfg = Release|Any CPU
		{27CED6FB-D830-44EA-A474-F11F0FF59215}.Release|Any CPU.Build.0 = Release|Any CPU
		{27CED6FB-D830-44EA-A474-F11F0FF59215}.Release|x64.ActiveCfg = Release|Any CPU
		{27CED6FB-D830-44EA-A474-F11F0FF59215}.Release|x64.Build.0 = Release|Any CPU
		{27CED6FB-D830-44EA-A474-F11F0FF59215}.Release|x86.ActiveCfg = Release|Any CPU
		{27CED6FB-D830-44EA-A474-F11F0FF59215}.Release|x86.Build.0 = Release|Any CPU
		{1FB5EBAD-C7B1-4AF3-A757-99CB86F47733}.Debug|Any CPU.ActiveCfg = Debug|Any CPU
		{1FB5EBAD-C7B1-4AF3-A757-99CB86F47733}.Debug|Any CPU.Build.0 = Debug|Any CPU
		{1FB5EBAD-C7B1-4AF3-A757-99CB86F47733}.Debug|x64.ActiveCfg = Debug|Any CPU
		{1FB5EBAD-C7B1-4AF3-A757-99CB86F47733}.Debug|x64.Build.0 = Debug|Any CPU
		{1FB5EBAD-C7B1-4AF3-A757-99CB86F47733}.Debug|x86.ActiveCfg = Debug|Any CPU
		{1FB5EBAD-C7B1-4AF3-A757-99CB86F47733}.Debug|x86.Build.0 = Debug|Any CPU
		{1FB5EBAD-C7B1-4AF3-A757-99CB86F47733}.Release|Any CPU.ActiveCfg = Release|Any CPU
		{1FB5EBAD-C7B1-4AF3-A757-99CB86F47733}.Release|Any CPU.Build.0 = Release|Any CPU
		{1FB5EBAD-C7B1-4AF3-A757-99CB86F47733}.Release|x64.ActiveCfg = Release|Any CPU
		{1FB5EBAD-C7B1-4AF3-A757-99CB86F47733}.Release|x64.Build.0 = Release|Any CPU
		{1FB5EBAD-C7B1-4AF3-A757-99CB86F47733}.Release|x86.ActiveCfg = Release|Any CPU
		{1FB5EBAD-C7B1-4AF3-A757-99CB86F47733}.Release|x86.Build.0 = Release|Any CPU
		{667C86D7-E065-43CF-96CB-E101A7D77097}.Debug|Any CPU.ActiveCfg = Debug|Any CPU
		{667C86D7-E065-43CF-96CB-E101A7D77097}.Debug|Any CPU.Build.0 = Debug|Any CPU
		{667C86D7-E065-43CF-96CB-E101A7D77097}.Debug|x64.ActiveCfg = Debug|Any CPU
		{667C86D7-E065-43CF-96CB-E101A7D77097}.Debug|x64.Build.0 = Debug|Any CPU
		{667C86D7-E065-43CF-96CB-E101A7D77097}.Debug|x86.ActiveCfg = Debug|Any CPU
		{667C86D7-E065-43CF-96CB-E101A7D77097}.Debug|x86.Build.0 = Debug|Any CPU
		{667C86D7-E065-43CF-96CB-E101A7D77097}.Release|Any CPU.ActiveCfg = Release|Any CPU
		{667C86D7-E065-43CF-96CB-E101A7D77097}.Release|Any CPU.Build.0 = Release|Any CPU
		{667C86D7-E065-43CF-96CB-E101A7D77097}.Release|x64.ActiveCfg = Release|Any CPU
		{667C86D7-E065-43CF-96CB-E101A7D77097}.Release|x64.Build.0 = Release|Any CPU
		{667C86D7-E065-43CF-96CB-E101A7D77097}.Release|x86.ActiveCfg = Release|Any CPU
		{667C86D7-E065-43CF-96CB-E101A7D77097}.Release|x86.Build.0 = Release|Any CPU
		{F7171095-7C84-4978-9019-3D6146AEB711}.Debug|Any CPU.ActiveCfg = Debug|Any CPU
		{F7171095-7C84-4978-9019-3D6146AEB711}.Debug|Any CPU.Build.0 = Debug|Any CPU
		{F7171095-7C84-4978-9019-3D6146AEB711}.Debug|x64.ActiveCfg = Debug|Any CPU
		{F7171095-7C84-4978-9019-3D6146AEB711}.Debug|x64.Build.0 = Debug|Any CPU
		{F7171095-7C84-4978-9019-3D6146AEB711}.Debug|x86.ActiveCfg = Debug|Any CPU
		{F7171095-7C84-4978-9019-3D6146AEB711}.Debug|x86.Build.0 = Debug|Any CPU
		{F7171095-7C84-4978-9019-3D6146AEB711}.Release|Any CPU.ActiveCfg = Release|Any CPU
		{F7171095-7C84-4978-9019-3D6146AEB711}.Release|Any CPU.Build.0 = Release|Any CPU
		{F7171095-7C84-4978-9019-3D6146AEB711}.Release|x64.ActiveCfg = Release|Any CPU
		{F7171095-7C84-4978-9019-3D6146AEB711}.Release|x64.Build.0 = Release|Any CPU
		{F7171095-7C84-4978-9019-3D6146AEB711}.Release|x86.ActiveCfg = Release|Any CPU
		{F7171095-7C84-4978-9019-3D6146AEB711}.Release|x86.Build.0 = Release|Any CPU
		{6FA256CB-1EBA-4841-81F3-F0B47E5B1E4F}.Debug|Any CPU.ActiveCfg = Debug|Any CPU
		{6FA256CB-1EBA-4841-81F3-F0B47E5B1E4F}.Debug|Any CPU.Build.0 = Debug|Any CPU
		{6FA256CB-1EBA-4841-81F3-F0B47E5B1E4F}.Debug|x64.ActiveCfg = Debug|Any CPU
		{6FA256CB-1EBA-4841-81F3-F0B47E5B1E4F}.Debug|x64.Build.0 = Debug|Any CPU
		{6FA256CB-1EBA-4841-81F3-F0B47E5B1E4F}.Debug|x86.ActiveCfg = Debug|Any CPU
		{6FA256CB-1EBA-4841-81F3-F0B47E5B1E4F}.Debug|x86.Build.0 = Debug|Any CPU
		{6FA256CB-1EBA-4841-81F3-F0B47E5B1E4F}.Release|Any CPU.ActiveCfg = Release|Any CPU
		{6FA256CB-1EBA-4841-81F3-F0B47E5B1E4F}.Release|Any CPU.Build.0 = Release|Any CPU
		{6FA256CB-1EBA-4841-81F3-F0B47E5B1E4F}.Release|x64.ActiveCfg = Release|Any CPU
		{6FA256CB-1EBA-4841-81F3-F0B47E5B1E4F}.Release|x64.Build.0 = Release|Any CPU
		{6FA256CB-1EBA-4841-81F3-F0B47E5B1E4F}.Release|x86.ActiveCfg = Release|Any CPU
		{6FA256CB-1EBA-4841-81F3-F0B47E5B1E4F}.Release|x86.Build.0 = Release|Any CPU
	EndGlobalSection
	GlobalSection(SolutionProperties) = preSolution
		HideSolutionNode = FALSE
	EndGlobalSection
EndGlobal
